
Microsoft Visual Studio Solution File, Format Version 12.00
# Visual Studio Version 17
VisualStudioVersion = 17.11.35222.181
MinimumVisualStudioVersion = 10.0.40219.1
Project("{FAE04EC0-301F-11D3-BF4B-00C04F79EFBC}") = "program1", "program1.csproj", "{29DCBC91-6786-4BDD-888B-5569CE337513}"
EndProject
Global
	GlobalSection(SolutionConfigurationPlatforms) = preSolution
		Debug|Any CPU = Debug|Any CPU
		Release|Any CPU = Release|Any CPU
	EndGlobalSection
	GlobalSection(ProjectConfigurationPlatforms) = postSolution
		{29DCBC91-6786-4BDD-888B-5569CE337513}.Debug|Any CPU.ActiveCfg = Debug|Any CPU
		{29DCBC91-6786-4BDD-888B-5569CE337513}.Debug|Any CPU.Build.0 = Debug|Any CPU
		{29DCBC91-6786-4BDD-888B-5569CE337513}.Release|Any CPU.ActiveCfg = Release|Any CPU
		{29DCBC91-6786-4BDD-888B-5569CE337513}.Release|Any CPU.Build.0 = Release|Any CPU
	EndGlobalSection
	GlobalSection(SolutionProperties) = preSolution
		HideSolutionNode = FALSE
	EndGlobalSection
	GlobalSection(ExtensibilityGlobals) = postSolution
		SolutionGuid = {D48C582B-D3E0-4546-B6D5-7363452EFC0B}
	EndGlobalSection
EndGlobal
